
Microsoft Visual Studio Solution File, Format Version 12.00
# Visual Studio 14
VisualStudioVersion = 14.0.25420.1
MinimumVisualStudioVersion = 10.0.40219.1
Project("{FAE04EC0-301F-11D3-BF4B-00C04F79EFBC}") = "PrettyHair.Core", "PrettyHair.Core\PrettyHair.Core.csproj", "{82214339-D41A-40BC-BF7E-3A9DD7B9CD12}"
EndProject
Project("{FAE04EC0-301F-11D3-BF4B-00C04F79EFBC}") = "PrettyHair.Test", "PrettyHair.Test\PrettyHair.Test.csproj", "{814703B8-CAF9-40E9-8C0C-C37D75C89491}"
EndProject
Project("{FAE04EC0-301F-11D3-BF4B-00C04F79EFBC}") = "PrettyHair.DAL", "PrettyHair.DAL\PrettyHair.DAL.csproj", "{92DFA538-FEAB-4D2F-9EAB-CDD3785343A9}"
EndProject
Project("{FAE04EC0-301F-11D3-BF4B-00C04F79EFBC}") = "PrettyHair.UI", "PrettyHair.UI\PrettyHair.UI.csproj", "{550D16E4-CD97-4A67-95A8-1B4153A704A9}"
EndProject
Project("{FAE04EC0-301F-11D3-BF4B-00C04F79EFBC}") = "PrettyHair.Domain", "Prettyhair.Domain\PrettyHair.Domain.csproj", "{43ED4761-B6CE-4DC9-B3EA-862EB2FF6F9C}"
EndProject
Global
	GlobalSection(SolutionConfigurationPlatforms) = preSolution
		Debug|Any CPU = Debug|Any CPU
		Release|Any CPU = Release|Any CPU
	EndGlobalSection
	GlobalSection(ProjectConfigurationPlatforms) = postSolution
		{82214339-D41A-40BC-BF7E-3A9DD7B9CD12}.Debug|Any CPU.ActiveCfg = Debug|Any CPU
		{82214339-D41A-40BC-BF7E-3A9DD7B9CD12}.Debug|Any CPU.Build.0 = Debug|Any CPU
		{82214339-D41A-40BC-BF7E-3A9DD7B9CD12}.Release|Any CPU.ActiveCfg = Release|Any CPU
		{82214339-D41A-40BC-BF7E-3A9DD7B9CD12}.Release|Any CPU.Build.0 = Release|Any CPU
		{814703B8-CAF9-40E9-8C0C-C37D75C89491}.Debug|Any CPU.ActiveCfg = Debug|Any CPU
		{814703B8-CAF9-40E9-8C0C-C37D75C89491}.Debug|Any CPU.Build.0 = Debug|Any CPU
		{814703B8-CAF9-40E9-8C0C-C37D75C89491}.Release|Any CPU.ActiveCfg = Release|Any CPU
		{814703B8-CAF9-40E9-8C0C-C37D75C89491}.Release|Any CPU.Build.0 = Release|Any CPU
		{92DFA538-FEAB-4D2F-9EAB-CDD3785343A9}.Debug|Any CPU.ActiveCfg = Debug|Any CPU
		{92DFA538-FEAB-4D2F-9EAB-CDD3785343A9}.Debug|Any CPU.Build.0 = Debug|Any CPU
		{92DFA538-FEAB-4D2F-9EAB-CDD3785343A9}.Release|Any CPU.ActiveCfg = Release|Any CPU
		{92DFA538-FEAB-4D2F-9EAB-CDD3785343A9}.Release|Any CPU.Build.0 = Release|Any CPU
		{550D16E4-CD97-4A67-95A8-1B4153A704A9}.Debug|Any CPU.ActiveCfg = Debug|Any CPU
		{550D16E4-CD97-4A67-95A8-1B4153A704A9}.Debug|Any CPU.Build.0 = Debug|Any CPU
		{550D16E4-CD97-4A67-95A8-1B4153A704A9}.Release|Any CPU.ActiveCfg = Release|Any CPU
		{550D16E4-CD97-4A67-95A8-1B4153A704A9}.Release|Any CPU.Build.0 = Release|Any CPU
		{43ED4761-B6CE-4DC9-B3EA-862EB2FF6F9C}.Debug|Any CPU.ActiveCfg = Debug|Any CPU
		{43ED4761-B6CE-4DC9-B3EA-862EB2FF6F9C}.Debug|Any CPU.Build.0 = Debug|Any CPU
		{43ED4761-B6CE-4DC9-B3EA-862EB2FF6F9C}.Release|Any CPU.ActiveCfg = Release|Any CPU
		{43ED4761-B6CE-4DC9-B3EA-862EB2FF6F9C}.Release|Any CPU.Build.0 = Release|Any CPU
	EndGlobalSection
	GlobalSection(SolutionProperties) = preSolution
		HideSolutionNode = FALSE
	EndGlobalSection
EndGlobal
